
Microsoft Visual Studio Solution File, Format Version 12.00
# Visual Studio Version 16
VisualStudioVersion = 16.0.30523.141
MinimumVisualStudioVersion = 10.0.40219.1
Project("{9A19103F-16F7-4668-BE54-9A1E7A4F7556}") = "fdb.apollo.cfidselect.mkdataservice", "fdb.apollo.cfidselect.mkdataservice.csproj", "{BBD949F1-9491-4493-A2A6-178141BB84D7}"
EndProject
Global
	GlobalSection(SolutionConfigurationPlatforms) = preSolution
		Debug|Any CPU = Debug|Any CPU
		Release|Any CPU = Release|Any CPU
	EndGlobalSection
	GlobalSection(ProjectConfigurationPlatforms) = postSolution
		{BBD949F1-9491-4493-A2A6-178141BB84D7}.Debug|Any CPU.ActiveCfg = Debug|Any CPU
		{BBD949F1-9491-4493-A2A6-178141BB84D7}.Debug|Any CPU.Build.0 = Debug|Any CPU
		{BBD949F1-9491-4493-A2A6-178141BB84D7}.Release|Any CPU.ActiveCfg = Release|Any CPU
		{BBD949F1-9491-4493-A2A6-178141BB84D7}.Release|Any CPU.Build.0 = Release|Any CPU
	EndGlobalSection
	GlobalSection(SolutionProperties) = preSolution
		HideSolutionNode = FALSE
	EndGlobalSection
	GlobalSection(ExtensibilityGlobals) = postSolution
		SolutionGuid = {6C61D215-1DBD-469E-8230-F2E2623030A4}
	EndGlobalSection
EndGlobal
